
Microsoft Visual Studio Solution File, Format Version 12.00
Project("{FAE04EC0-301F-11D3-BF4B-00C04F79EFBC}") = "PsychoAPI", "PsychoAPI\PsychoAPI.csproj", "{2A8E36A4-7206-412B-879A-7E51E920DCB4}"
EndProject
Global
	GlobalSection(SolutionConfigurationPlatforms) = preSolution
		Debug|Any CPU = Debug|Any CPU
		Release|Any CPU = Release|Any CPU
	EndGlobalSection
	GlobalSection(ProjectConfigurationPlatforms) = postSolution
		{2A8E36A4-7206-412B-879A-7E51E920DCB4}.Debug|Any CPU.ActiveCfg = Debug|Any CPU
		{2A8E36A4-7206-412B-879A-7E51E920DCB4}.Debug|Any CPU.Build.0 = Debug|Any CPU
		{2A8E36A4-7206-412B-879A-7E51E920DCB4}.Release|Any CPU.ActiveCfg = Release|Any CPU
		{2A8E36A4-7206-412B-879A-7E51E920DCB4}.Release|Any CPU.Build.0 = Release|Any CPU
	EndGlobalSection
EndGlobal
